
Microsoft Visual Studio Solution File, Format Version 12.00
# Visual Studio Version 17
VisualStudioVersion = 17.2.32630.192
MinimumVisualStudioVersion = 10.0.40219.1
Project("{6EC3EE1D-3C4E-46DD-8F32-0CC8E7565705}") = "FsMsgPackRpc", "FsMsgPackRpc\FsMsgPackRpc.fsproj", "{C33A8F9A-B4BA-4A97-A6E0-F354780634A0}"
EndProject
Project("{6EC3EE1D-3C4E-46DD-8F32-0CC8E7565705}") = "FsMsgPackRpcTest", "FsMsgPackRpcTest\FsMsgPackRpcTest.fsproj", "{FD7DBEB7-FE38-4A9B-A9C4-3677D89C3879}"
EndProject
Project("{F2A71F9B-5D33-465A-A702-920D77279786}") = "TorchSharp.Fun", "..\TorchSharp.Fun\TorchSharp.Fun\TorchSharp.Fun.fsproj", "{0AB4384F-C170-95DD-0B12-841EEF3A39B2}"
EndProject
Global
	GlobalSection(SolutionConfigurationPlatforms) = preSolution
		Debug|Any CPU = Debug|Any CPU
		Release|Any CPU = Release|Any CPU
	EndGlobalSection
	GlobalSection(ProjectConfigurationPlatforms) = postSolution
		{C33A8F9A-B4BA-4A97-A6E0-F354780634A0}.Debug|Any CPU.ActiveCfg = Debug|Any CPU
		{C33A8F9A-B4BA-4A97-A6E0-F354780634A0}.Debug|Any CPU.Build.0 = Debug|Any CPU
		{C33A8F9A-B4BA-4A97-A6E0-F354780634A0}.Release|Any CPU.ActiveCfg = Release|Any CPU
		{C33A8F9A-B4BA-4A97-A6E0-F354780634A0}.Release|Any CPU.Build.0 = Release|Any CPU
		{FD7DBEB7-FE38-4A9B-A9C4-3677D89C3879}.Debug|Any CPU.ActiveCfg = Debug|Any CPU
		{FD7DBEB7-FE38-4A9B-A9C4-3677D89C3879}.Debug|Any CPU.Build.0 = Debug|Any CPU
		{FD7DBEB7-FE38-4A9B-A9C4-3677D89C3879}.Release|Any CPU.ActiveCfg = Release|Any CPU
		{FD7DBEB7-FE38-4A9B-A9C4-3677D89C3879}.Release|Any CPU.Build.0 = Release|Any CPU
		{0AB4384F-C170-95DD-0B12-841EEF3A39B2}.Debug|Any CPU.ActiveCfg = Debug|Any CPU
		{0AB4384F-C170-95DD-0B12-841EEF3A39B2}.Debug|Any CPU.Build.0 = Debug|Any CPU
		{0AB4384F-C170-95DD-0B12-841EEF3A39B2}.Release|Any CPU.ActiveCfg = Release|Any CPU
		{0AB4384F-C170-95DD-0B12-841EEF3A39B2}.Release|Any CPU.Build.0 = Release|Any CPU
	EndGlobalSection
	GlobalSection(SolutionProperties) = preSolution
		HideSolutionNode = FALSE
	EndGlobalSection
	GlobalSection(ExtensibilityGlobals) = postSolution
		SolutionGuid = {8F1D9265-B821-4E5B-BF5F-56194A7F6549}
	EndGlobalSection
EndGlobal
