
Microsoft Visual Studio Solution File, Format Version 12.00
# Visual Studio Version 18
VisualStudioVersion = 18.4.11612.150
MinimumVisualStudioVersion = 10.0.40219.1
Project("{6EC3EE1D-3C4E-46DD-8F32-0CC8E7565705}") = "RL", "src\RL\RL.fsproj", "{C33A8F9A-B4BA-4A97-A6E0-F354780634A0}"
EndProject
Project("{F2A71F9B-5D33-465A-A702-920D77279786}") = "CarSimulator", "src\CarSimulator\CarSimulator.fsproj", "{A221D12A-B0B5-4F91-8AF7-3FB887FB3DB5}"
EndProject
Project("{F2A71F9B-5D33-465A-A702-920D77279786}") = "CarTrain", "src\CarTrain\CarTrain.fsproj", "{DD750425-39BB-49EC-957D-461D1805DE74}"
EndProject
Project("{F2A71F9B-5D33-465A-A702-920D77279786}") = "RoadMap", "src\RoadMap\RoadMap.fsproj", "{0A34609D-07D7-4983-9B37-A4FE7FA72CB3}"
EndProject
Project("{2150E333-8FDC-42A3-9474-1A3956D46DE8}") = "Solution Items", "Solution Items", "{459159C1-841C-4F4E-8BD8-D5B4B3F2B19F}"
	ProjectSection(SolutionItems) = preProject
		README.md = README.md
	EndProjectSection
EndProject
Global
	GlobalSection(SolutionConfigurationPlatforms) = preSolution
		Debug|Any CPU = Debug|Any CPU
		Debug|x64 = Debug|x64
		Debug|x86 = Debug|x86
		Release|Any CPU = Release|Any CPU
		Release|x64 = Release|x64
		Release|x86 = Release|x86
	EndGlobalSection
	GlobalSection(ProjectConfigurationPlatforms) = postSolution
		{C33A8F9A-B4BA-4A97-A6E0-F354780634A0}.Debug|Any CPU.ActiveCfg = Debug|Any CPU
		{C33A8F9A-B4BA-4A97-A6E0-F354780634A0}.Debug|Any CPU.Build.0 = Debug|Any CPU
		{C33A8F9A-B4BA-4A97-A6E0-F354780634A0}.Debug|x64.ActiveCfg = Debug|Any CPU
		{C33A8F9A-B4BA-4A97-A6E0-F354780634A0}.Debug|x64.Build.0 = Debug|Any CPU
		{C33A8F9A-B4BA-4A97-A6E0-F354780634A0}.Debug|x86.ActiveCfg = Debug|Any CPU
		{C33A8F9A-B4BA-4A97-A6E0-F354780634A0}.Debug|x86.Build.0 = Debug|Any CPU
		{C33A8F9A-B4BA-4A97-A6E0-F354780634A0}.Release|Any CPU.ActiveCfg = Release|Any CPU
		{C33A8F9A-B4BA-4A97-A6E0-F354780634A0}.Release|Any CPU.Build.0 = Release|Any CPU
		{C33A8F9A-B4BA-4A97-A6E0-F354780634A0}.Release|x64.ActiveCfg = Release|Any CPU
		{C33A8F9A-B4BA-4A97-A6E0-F354780634A0}.Release|x64.Build.0 = Release|Any CPU
		{C33A8F9A-B4BA-4A97-A6E0-F354780634A0}.Release|x86.ActiveCfg = Release|Any CPU
		{C33A8F9A-B4BA-4A97-A6E0-F354780634A0}.Release|x86.Build.0 = Release|Any CPU
		{A221D12A-B0B5-4F91-8AF7-3FB887FB3DB5}.Debug|Any CPU.ActiveCfg = Debug|Any CPU
		{A221D12A-B0B5-4F91-8AF7-3FB887FB3DB5}.Debug|Any CPU.Build.0 = Debug|Any CPU
		{A221D12A-B0B5-4F91-8AF7-3FB887FB3DB5}.Debug|x64.ActiveCfg = Debug|Any CPU
		{A221D12A-B0B5-4F91-8AF7-3FB887FB3DB5}.Debug|x64.Build.0 = Debug|Any CPU
		{A221D12A-B0B5-4F91-8AF7-3FB887FB3DB5}.Debug|x86.ActiveCfg = Debug|Any CPU
		{A221D12A-B0B5-4F91-8AF7-3FB887FB3DB5}.Debug|x86.Build.0 = Debug|Any CPU
		{A221D12A-B0B5-4F91-8AF7-3FB887FB3DB5}.Release|Any CPU.ActiveCfg = Release|Any CPU
		{A221D12A-B0B5-4F91-8AF7-3FB887FB3DB5}.Release|Any CPU.Build.0 = Release|Any CPU
		{A221D12A-B0B5-4F91-8AF7-3FB887FB3DB5}.Release|x64.ActiveCfg = Release|Any CPU
		{A221D12A-B0B5-4F91-8AF7-3FB887FB3DB5}.Release|x64.Build.0 = Release|Any CPU
		{A221D12A-B0B5-4F91-8AF7-3FB887FB3DB5}.Release|x86.ActiveCfg = Release|Any CPU
		{A221D12A-B0B5-4F91-8AF7-3FB887FB3DB5}.Release|x86.Build.0 = Release|Any CPU
		{DD750425-39BB-49EC-957D-461D1805DE74}.Debug|Any CPU.ActiveCfg = Debug|Any CPU
		{DD750425-39BB-49EC-957D-461D1805DE74}.Debug|Any CPU.Build.0 = Debug|Any CPU
		{DD750425-39BB-49EC-957D-461D1805DE74}.Debug|x64.ActiveCfg = Debug|Any CPU
		{DD750425-39BB-49EC-957D-461D1805DE74}.Debug|x64.Build.0 = Debug|Any CPU
		{DD750425-39BB-49EC-957D-461D1805DE74}.Debug|x86.ActiveCfg = Debug|Any CPU
		{DD750425-39BB-49EC-957D-461D1805DE74}.Debug|x86.Build.0 = Debug|Any CPU
		{DD750425-39BB-49EC-957D-461D1805DE74}.Release|Any CPU.ActiveCfg = Release|Any CPU
		{DD750425-39BB-49EC-957D-461D1805DE74}.Release|Any CPU.Build.0 = Release|Any CPU
		{DD750425-39BB-49EC-957D-461D1805DE74}.Release|x64.ActiveCfg = Release|Any CPU
		{DD750425-39BB-49EC-957D-461D1805DE74}.Release|x64.Build.0 = Release|Any CPU
		{DD750425-39BB-49EC-957D-461D1805DE74}.Release|x86.ActiveCfg = Release|Any CPU
		{DD750425-39BB-49EC-957D-461D1805DE74}.Release|x86.Build.0 = Release|Any CPU
		{0A34609D-07D7-4983-9B37-A4FE7FA72CB3}.Debug|Any CPU.ActiveCfg = Debug|Any CPU
		{0A34609D-07D7-4983-9B37-A4FE7FA72CB3}.Debug|Any CPU.Build.0 = Debug|Any CPU
		{0A34609D-07D7-4983-9B37-A4FE7FA72CB3}.Debug|x64.ActiveCfg = Debug|Any CPU
		{0A34609D-07D7-4983-9B37-A4FE7FA72CB3}.Debug|x64.Build.0 = Debug|Any CPU
		{0A34609D-07D7-4983-9B37-A4FE7FA72CB3}.Debug|x86.ActiveCfg = Debug|Any CPU
		{0A34609D-07D7-4983-9B37-A4FE7FA72CB3}.Debug|x86.Build.0 = Debug|Any CPU
		{0A34609D-07D7-4983-9B37-A4FE7FA72CB3}.Release|Any CPU.ActiveCfg = Release|Any CPU
		{0A34609D-07D7-4983-9B37-A4FE7FA72CB3}.Release|Any CPU.Build.0 = Release|Any CPU
		{0A34609D-07D7-4983-9B37-A4FE7FA72CB3}.Release|x64.ActiveCfg = Release|Any CPU
		{0A34609D-07D7-4983-9B37-A4FE7FA72CB3}.Release|x64.Build.0 = Release|Any CPU
		{0A34609D-07D7-4983-9B37-A4FE7FA72CB3}.Release|x86.ActiveCfg = Release|Any CPU
		{0A34609D-07D7-4983-9B37-A4FE7FA72CB3}.Release|x86.Build.0 = Release|Any CPU
	EndGlobalSection
	GlobalSection(SolutionProperties) = preSolution
		HideSolutionNode = FALSE
	EndGlobalSection
	GlobalSection(ExtensibilityGlobals) = postSolution
		SolutionGuid = {8F1D9265-B821-4E5B-BF5F-56194A7F6549}
	EndGlobalSection
EndGlobal
